
Microsoft Visual Studio Solution File, Format Version 12.00
# Visual Studio Version 16
VisualStudioVersion = 16.0.30413.136
MinimumVisualStudioVersion = 10.0.40219.1
Project("{9A19103F-16F7-4668-BE54-9A1E7A4F7556}") = "Windows9xClassic", "Windows9xClassic\Windows9xClassic.csproj", "{76224E21-E59A-4643-A72A-8F5AA5E803D3}"
EndProject
Project("{FAE04EC0-301F-11D3-BF4B-00C04F79EFBC}") = "WpfApp", "Example\WpfApp\WpfApp.csproj", "{3C1E9EB6-8F56-4C94-B12F-B84A020703C1}"
EndProject
Global
	GlobalSection(SolutionConfigurationPlatforms) = preSolution
		Debug|Any CPU = Debug|Any CPU
		Release|Any CPU = Release|Any CPU
	EndGlobalSection
	GlobalSection(ProjectConfigurationPlatforms) = postSolution
		{76224E21-E59A-4643-A72A-8F5AA5E803D3}.Debug|Any CPU.ActiveCfg = Debug|Any CPU
		{76224E21-E59A-4643-A72A-8F5AA5E803D3}.Debug|Any CPU.Build.0 = Debug|Any CPU
		{76224E21-E59A-4643-A72A-8F5AA5E803D3}.Release|Any CPU.ActiveCfg = Release|Any CPU
		{76224E21-E59A-4643-A72A-8F5AA5E803D3}.Release|Any CPU.Build.0 = Release|Any CPU
		{3C1E9EB6-8F56-4C94-B12F-B84A020703C1}.Debug|Any CPU.ActiveCfg = Debug|Any CPU
		{3C1E9EB6-8F56-4C94-B12F-B84A020703C1}.Debug|Any CPU.Build.0 = Debug|Any CPU
		{3C1E9EB6-8F56-4C94-B12F-B84A020703C1}.Release|Any CPU.ActiveCfg = Release|Any CPU
		{3C1E9EB6-8F56-4C94-B12F-B84A020703C1}.Release|Any CPU.Build.0 = Release|Any CPU
	EndGlobalSection
	GlobalSection(SolutionProperties) = preSolution
		HideSolutionNode = FALSE
	EndGlobalSection
	GlobalSection(ExtensibilityGlobals) = postSolution
		SolutionGuid = {FFED5EEB-FB48-46BB-B1DF-D7FE857464CB}
	EndGlobalSection
EndGlobal
